// !$*UTF8*$!
{
	archiveVersion = 1;
	classes = {
	};
	objectVersion = 77;
	objects = {

/* Begin PBXBuildFile section */
		4B8F808D2DBBD5A500512F5B /* OceanScript.xcdatamodeld in Sources */ = {isa = PBXBuildFile; fileRef = 4B8F80872DBBD5A500512F5B /* OceanScript.xcdatamodeld */; };
		4B8F808E2DBBD5A500512F5B /* OceanScriptApp.swift in Sources */ = {isa = PBXBuildFile; fileRef = 4B8F80882DBBD5A500512F5B /* OceanScriptApp.swift */; };
		4B8F808F2DBBD5A500512F5B /* Persistence.swift in Sources */ = {isa = PBXBuildFile; fileRef = 4B8F80892DBBD5A500512F5B /* Persistence.swift */; };
		4B8F80902DBBD5A500512F5B /* Assets.xcassets in Resources */ = {isa = PBXBuildFile; fileRef = 4B8F80852DBBD5A500512F5B /* Assets.xcassets */; };
		4B8F80B72DBC020300512F5B /* AppLanguage+CoreDataClass.swift in Sources */ = {isa = PBXBuildFile; fileRef = 4B8F80B62DBC020300512F5B /* AppLanguage+CoreDataClass.swift */; };
		4B8F80B92DBC023400512F5B /* AppLanguage+CoreDataProperties.swift in Sources */ = {isa = PBXBuildFile; fileRef = 4B8F80B82DBC023400512F5B /* AppLanguage+CoreDataProperties.swift */; };
		4B8F80BC2DBC038C00512F5B /* CodingUserInfoKey+Extensions.swift in Sources */ = {isa = PBXBuildFile; fileRef = 4B8F80BB2DBC038C00512F5B /* CodingUserInfoKey+Extensions.swift */; };
		4B8F80BE2DBC06D200512F5B /* Category+CoreDataClass.swift in Sources */ = {isa = PBXBuildFile; fileRef = 4B8F80BD2DBC06D200512F5B /* Category+CoreDataClass.swift */; };
		4B8F80C02DBC071100512F5B /* Category+CoreDataProperties.swift in Sources */ = {isa = PBXBuildFile; fileRef = 4B8F80BF2DBC071100512F5B /* Category+CoreDataProperties.swift */; };
		4B8F80C22DBC08E700512F5B /* Question+CoreDataClass.swift in Sources */ = {isa = PBXBuildFile; fileRef = 4B8F80C12DBC08E700512F5B /* Question+CoreDataClass.swift */; };
		4B8F80C42DBC091100512F5B /* Question+CoreDataProperties.swift in Sources */ = {isa = PBXBuildFile; fileRef = 4B8F80C32DBC091100512F5B /* Question+CoreDataProperties.swift */; };
		4B8F80C62DBC0B2C00512F5B /* QuestionResult+CoreDataClass.swift in Sources */ = {isa = PBXBuildFile; fileRef = 4B8F80C52DBC0B2C00512F5B /* QuestionResult+CoreDataClass.swift */; };
		4B8F80C82DBC0B5B00512F5B /* QuestionResult+CoreDataProperties.swift in Sources */ = {isa = PBXBuildFile; fileRef = 4B8F80C72DBC0B5B00512F5B /* QuestionResult+CoreDataProperties.swift */; };
		4B8F80CA2DBC0BCC00512F5B /* TestResult+CoreDataClass.swift in Sources */ = {isa = PBXBuildFile; fileRef = 4B8F80C92DBC0BCC00512F5B /* TestResult+CoreDataClass.swift */; };
		4B8F80CC2DBC0BF400512F5B /* TestResult+CoreDataProperties.swift in Sources */ = {isa = PBXBuildFile; fileRef = 4B8F80CB2DBC0BF400512F5B /* TestResult+CoreDataProperties.swift */; };
		4B8F80CF2DBC0FEE00512F5B /* ArrayValueTransformer.swift in Sources */ = {isa = PBXBuildFile; fileRef = 4B8F80CE2DBC0FEE00512F5B /* ArrayValueTransformer.swift */; };
		4B8F80D22DBD259800512F5B /* CategoryItem.swift in Sources */ = {isa = PBXBuildFile; fileRef = 4B8F80D12DBD259800512F5B /* CategoryItem.swift */; };
		4B8F80D42DBD266000512F5B /* QuestionListItem.swift in Sources */ = {isa = PBXBuildFile; fileRef = 4B8F80D32DBD266000512F5B /* QuestionListItem.swift */; };
		4B8F80D62DBD30BF00512F5B /* QuestionDetailView.swift in Sources */ = {isa = PBXBuildFile; fileRef = 4B8F80D52DBD30BF00512F5B /* QuestionDetailView.swift */; };
		4B8F80D82DBD358B00512F5B /* QuestionsList.swift in Sources */ = {isa = PBXBuildFile; fileRef = 4B8F80D72DBD358B00512F5B /* QuestionsList.swift */; };
		4B8F80DA2DBD384000512F5B /* PreviewPlaceholder.swift in Sources */ = {isa = PBXBuildFile; fileRef = 4B8F80D92DBD384000512F5B /* PreviewPlaceholder.swift */; };
		4BB090192DBD4EF900142DF9 /* MainTabView.swift in Sources */ = {isa = PBXBuildFile; fileRef = 4BB090182DBD4EF900142DF9 /* MainTabView.swift */; };
		4BB0901C2DBD50EB00142DF9 /* HomeView.swift in Sources */ = {isa = PBXBuildFile; fileRef = 4BB0901B2DBD50EB00142DF9 /* HomeView.swift */; };
		4BB0901F2DBD581000142DF9 /* questions_swift_en.json in Resources */ = {isa = PBXBuildFile; fileRef = 4BB0901E2DBD581000142DF9 /* questions_swift_en.json */; };
		4BB090212DBD587000142DF9 /* questions_swift_ru.json in Resources */ = {isa = PBXBuildFile; fileRef = 4BB090202DBD587000142DF9 /* questions_swift_ru.json */; };
		4BB090252DBD591100142DF9 /* questions_python_en.json in Resources */ = {isa = PBXBuildFile; fileRef = 4BB090242DBD591100142DF9 /* questions_python_en.json */; };
		4BB090272DBD5A0000142DF9 /* questions_python_ru.json in Resources */ = {isa = PBXBuildFile; fileRef = 4BB090262DBD5A0000142DF9 /* questions_python_ru.json */; };
/* End PBXBuildFile section */

/* Begin PBXContainerItemProxy section */
		4B8F80692DBBD58100512F5B /* PBXContainerItemProxy */ = {
			isa = PBXContainerItemProxy;
			containerPortal = 4B8F804E2DBBD57F00512F5B /* Project object */;
			proxyType = 1;
			remoteGlobalIDString = 4B8F80552DBBD57F00512F5B;
			remoteInfo = OceanScript;
		};
		4B8F80732DBBD58100512F5B /* PBXContainerItemProxy */ = {
			isa = PBXContainerItemProxy;
			containerPortal = 4B8F804E2DBBD57F00512F5B /* Project object */;
			proxyType = 1;
			remoteGlobalIDString = 4B8F80552DBBD57F00512F5B;
			remoteInfo = OceanScript;
		};
/* End PBXContainerItemProxy section */

/* Begin PBXFileReference section */
		4B8F80562DBBD57F00512F5B /* OceanScript.app */ = {isa = PBXFileReference; explicitFileType = wrapper.application; includeInIndex = 0; path = OceanScript.app; sourceTree = BUILT_PRODUCTS_DIR; };
		4B8F80682DBBD58100512F5B /* OceanScriptTests.xctest */ = {isa = PBXFileReference; explicitFileType = wrapper.cfbundle; includeInIndex = 0; path = OceanScriptTests.xctest; sourceTree = BUILT_PRODUCTS_DIR; };
		4B8F80722DBBD58100512F5B /* OceanScriptUITests.xctest */ = {isa = PBXFileReference; explicitFileType = wrapper.cfbundle; includeInIndex = 0; path = OceanScriptUITests.xctest; sourceTree = BUILT_PRODUCTS_DIR; };
		4B8F80852DBBD5A500512F5B /* Assets.xcassets */ = {isa = PBXFileReference; lastKnownFileType = folder.assetcatalog; path = Assets.xcassets; sourceTree = "<group>"; };
		4B8F80882DBBD5A500512F5B /* OceanScriptApp.swift */ = {isa = PBXFileReference; lastKnownFileType = sourcecode.swift; path = OceanScriptApp.swift; sourceTree = "<group>"; };
		4B8F80892DBBD5A500512F5B /* Persistence.swift */ = {isa = PBXFileReference; lastKnownFileType = sourcecode.swift; path = Persistence.swift; sourceTree = "<group>"; };
		4B8F808B2DBBD5A500512F5B /* OceanScript.xcdatamodel */ = {isa = PBXFileReference; lastKnownFileType = wrapper.xcdatamodel; path = OceanScript.xcdatamodel; sourceTree = "<group>"; };
		4B8F80B62DBC020300512F5B /* AppLanguage+CoreDataClass.swift */ = {isa = PBXFileReference; lastKnownFileType = sourcecode.swift; path = "AppLanguage+CoreDataClass.swift"; sourceTree = "<group>"; };
		4B8F80B82DBC023400512F5B /* AppLanguage+CoreDataProperties.swift */ = {isa = PBXFileReference; lastKnownFileType = sourcecode.swift; path = "AppLanguage+CoreDataProperties.swift"; sourceTree = "<group>"; };
		4B8F80BB2DBC038C00512F5B /* CodingUserInfoKey+Extensions.swift */ = {isa = PBXFileReference; lastKnownFileType = sourcecode.swift; path = "CodingUserInfoKey+Extensions.swift"; sourceTree = "<group>"; };
		4B8F80BD2DBC06D200512F5B /* Category+CoreDataClass.swift */ = {isa = PBXFileReference; lastKnownFileType = sourcecode.swift; path = "Category+CoreDataClass.swift"; sourceTree = "<group>"; };
		4B8F80BF2DBC071100512F5B /* Category+CoreDataProperties.swift */ = {isa = PBXFileReference; lastKnownFileType = sourcecode.swift; path = "Category+CoreDataProperties.swift"; sourceTree = "<group>"; };
		4B8F80C12DBC08E700512F5B /* Question+CoreDataClass.swift */ = {isa = PBXFileReference; lastKnownFileType = sourcecode.swift; path = "Question+CoreDataClass.swift"; sourceTree = "<group>"; };
		4B8F80C32DBC091100512F5B /* Question+CoreDataProperties.swift */ = {isa = PBXFileReference; lastKnownFileType = sourcecode.swift; path = "Question+CoreDataProperties.swift"; sourceTree = "<group>"; };
		4B8F80C52DBC0B2C00512F5B /* QuestionResult+CoreDataClass.swift */ = {isa = PBXFileReference; lastKnownFileType = sourcecode.swift; path = "QuestionResult+CoreDataClass.swift"; sourceTree = "<group>"; };
		4B8F80C72DBC0B5B00512F5B /* QuestionResult+CoreDataProperties.swift */ = {isa = PBXFileReference; lastKnownFileType = sourcecode.swift; path = "QuestionResult+CoreDataProperties.swift"; sourceTree = "<group>"; };
		4B8F80C92DBC0BCC00512F5B /* TestResult+CoreDataClass.swift */ = {isa = PBXFileReference; lastKnownFileType = sourcecode.swift; path = "TestResult+CoreDataClass.swift"; sourceTree = "<group>"; };
		4B8F80CB2DBC0BF400512F5B /* TestResult+CoreDataProperties.swift */ = {isa = PBXFileReference; lastKnownFileType = sourcecode.swift; path = "TestResult+CoreDataProperties.swift"; sourceTree = "<group>"; };
		4B8F80CE2DBC0FEE00512F5B /* ArrayValueTransformer.swift */ = {isa = PBXFileReference; lastKnownFileType = sourcecode.swift; path = ArrayValueTransformer.swift; sourceTree = "<group>"; };
		4B8F80D12DBD259800512F5B /* CategoryItem.swift */ = {isa = PBXFileReference; lastKnownFileType = sourcecode.swift; path = CategoryItem.swift; sourceTree = "<group>"; };
		4B8F80D32DBD266000512F5B /* QuestionListItem.swift */ = {isa = PBXFileReference; lastKnownFileType = sourcecode.swift; path = QuestionListItem.swift; sourceTree = "<group>"; };
		4B8F80D52DBD30BF00512F5B /* QuestionDetailView.swift */ = {isa = PBXFileReference; lastKnownFileType = sourcecode.swift; path = QuestionDetailView.swift; sourceTree = "<group>"; };
		4B8F80D72DBD358B00512F5B /* QuestionsList.swift */ = {isa = PBXFileReference; lastKnownFileType = sourcecode.swift; path = QuestionsList.swift; sourceTree = "<group>"; };
		4B8F80D92DBD384000512F5B /* PreviewPlaceholder.swift */ = {isa = PBXFileReference; lastKnownFileType = sourcecode.swift; path = PreviewPlaceholder.swift; sourceTree = "<group>"; };
		4BB090182DBD4EF900142DF9 /* MainTabView.swift */ = {isa = PBXFileReference; lastKnownFileType = sourcecode.swift; path = MainTabView.swift; sourceTree = "<group>"; };
		4BB0901B2DBD50EB00142DF9 /* HomeView.swift */ = {isa = PBXFileReference; lastKnownFileType = sourcecode.swift; path = HomeView.swift; sourceTree = "<group>"; };
		4BB0901E2DBD581000142DF9 /* questions_swift_en.json */ = {isa = PBXFileReference; lastKnownFileType = text.json; path = questions_swift_en.json; sourceTree = "<group>"; };
		4BB090202DBD587000142DF9 /* questions_swift_ru.json */ = {isa = PBXFileReference; lastKnownFileType = text.json; path = questions_swift_ru.json; sourceTree = "<group>"; };
		4BB090242DBD591100142DF9 /* questions_python_en.json */ = {isa = PBXFileReference; lastKnownFileType = text.json; path = questions_python_en.json; sourceTree = "<group>"; };
		4BB090262DBD5A0000142DF9 /* questions_python_ru.json */ = {isa = PBXFileReference; lastKnownFileType = text.json; path = questions_python_ru.json; sourceTree = "<group>"; };
/* End PBXFileReference section */

/* Begin PBXFileSystemSynchronizedRootGroup section */
		4B8F806B2DBBD58100512F5B /* OceanScriptTests */ = {
			isa = PBXFileSystemSynchronizedRootGroup;
			path = OceanScriptTests;
			sourceTree = "<group>";
		};
		4B8F80752DBBD58100512F5B /* OceanScriptUITests */ = {
			isa = PBXFileSystemSynchronizedRootGroup;
			path = OceanScriptUITests;
			sourceTree = "<group>";
		};
/* End PBXFileSystemSynchronizedRootGroup section */

/* Begin PBXFrameworksBuildPhase section */
		4B8F80532DBBD57F00512F5B /* Frameworks */ = {
			isa = PBXFrameworksBuildPhase;
			buildActionMask = 2147483647;
			files = (
			);
			runOnlyForDeploymentPostprocessing = 0;
		};
		4B8F80652DBBD58100512F5B /* Frameworks */ = {
			isa = PBXFrameworksBuildPhase;
			buildActionMask = 2147483647;
			files = (
			);
			runOnlyForDeploymentPostprocessing = 0;
		};
		4B8F806F2DBBD58100512F5B /* Frameworks */ = {
			isa = PBXFrameworksBuildPhase;
			buildActionMask = 2147483647;
			files = (
			);
			runOnlyForDeploymentPostprocessing = 0;
		};
/* End PBXFrameworksBuildPhase section */

/* Begin PBXGroup section */
		4B8F804D2DBBD57F00512F5B = {
			isa = PBXGroup;
			children = (
				4B8F808A2DBBD5A500512F5B /* OceanScript */,
				4B8F806B2DBBD58100512F5B /* OceanScriptTests */,
				4B8F80752DBBD58100512F5B /* OceanScriptUITests */,
				4B8F80572DBBD57F00512F5B /* Products */,
			);
			sourceTree = "<group>";
		};
		4B8F80572DBBD57F00512F5B /* Products */ = {
			isa = PBXGroup;
			children = (
				4B8F80562DBBD57F00512F5B /* OceanScript.app */,
				4B8F80682DBBD58100512F5B /* OceanScriptTests.xctest */,
				4B8F80722DBBD58100512F5B /* OceanScriptUITests.xctest */,
			);
			name = Products;
			sourceTree = "<group>";
		};
		4B8F808A2DBBD5A500512F5B /* OceanScript */ = {
			isa = PBXGroup;
			children = (
				4BB090152DBD4E3100142DF9 /* App */,
				4B8F80B52DBC015200512F5B /* Models */,
				4BB090162DBD4E4D00142DF9 /* Views */,
				4B8F80D02DBD251600512F5B /* Components */,
				4BB090172DBD4E7300142DF9 /* Utilites */,
				4B8F80CD2DBC0FD600512F5B /* Transformers */,
				4B8F80BA2DBC033E00512F5B /* Extensions */,
				4BB0901D2DBD57CC00142DF9 /* Data */,
				4B8F80872DBBD5A500512F5B /* OceanScript.xcdatamodeld */,
				4B8F80852DBBD5A500512F5B /* Assets.xcassets */,
			);
			path = OceanScript;
			sourceTree = "<group>";
		};
		4B8F80B52DBC015200512F5B /* Models */ = {
			isa = PBXGroup;
			children = (
				4B8F80B62DBC020300512F5B /* AppLanguage+CoreDataClass.swift */,
				4B8F80B82DBC023400512F5B /* AppLanguage+CoreDataProperties.swift */,
				4B8F80BD2DBC06D200512F5B /* Category+CoreDataClass.swift */,
				4B8F80BF2DBC071100512F5B /* Category+CoreDataProperties.swift */,
				4B8F80C12DBC08E700512F5B /* Question+CoreDataClass.swift */,
				4B8F80C32DBC091100512F5B /* Question+CoreDataProperties.swift */,
				4B8F80C52DBC0B2C00512F5B /* QuestionResult+CoreDataClass.swift */,
				4B8F80C72DBC0B5B00512F5B /* QuestionResult+CoreDataProperties.swift */,
				4B8F80C92DBC0BCC00512F5B /* TestResult+CoreDataClass.swift */,
				4B8F80CB2DBC0BF400512F5B /* TestResult+CoreDataProperties.swift */,
			);
			path = Models;
			sourceTree = "<group>";
		};
		4B8F80BA2DBC033E00512F5B /* Extensions */ = {
			isa = PBXGroup;
			children = (
				4B8F80BB2DBC038C00512F5B /* CodingUserInfoKey+Extensions.swift */,
			);
			path = Extensions;
			sourceTree = "<group>";
		};
		4B8F80CD2DBC0FD600512F5B /* Transformers */ = {
			isa = PBXGroup;
			children = (
				4B8F80CE2DBC0FEE00512F5B /* ArrayValueTransformer.swift */,
			);
			path = Transformers;
			sourceTree = "<group>";
		};
		4B8F80D02DBD251600512F5B /* Components */ = {
			isa = PBXGroup;
			children = (
				4B8F80D72DBD358B00512F5B /* QuestionsList.swift */,
				4B8F80D12DBD259800512F5B /* CategoryItem.swift */,
				4B8F80D32DBD266000512F5B /* QuestionListItem.swift */,
				4B8F80D52DBD30BF00512F5B /* QuestionDetailView.swift */,
				4B8F80D92DBD384000512F5B /* PreviewPlaceholder.swift */,
			);
			path = Components;
			sourceTree = "<group>";
		};
		4BB090152DBD4E3100142DF9 /* App */ = {
			isa = PBXGroup;
			children = (
				4B8F80882DBBD5A500512F5B /* OceanScriptApp.swift */,
			);
			path = App;
			sourceTree = "<group>";
		};
		4BB090162DBD4E4D00142DF9 /* Views */ = {
			isa = PBXGroup;
			children = (
				4BB090182DBD4EF900142DF9 /* MainTabView.swift */,
				4BB0901A2DBD50BE00142DF9 /* Home */,
			);
			path = Views;
			sourceTree = "<group>";
		};
		4BB090172DBD4E7300142DF9 /* Utilites */ = {
			isa = PBXGroup;
			children = (
				4B8F80892DBBD5A500512F5B /* Persistence.swift */,
			);
			path = Utilites;
			sourceTree = "<group>";
		};
		4BB0901A2DBD50BE00142DF9 /* Home */ = {
			isa = PBXGroup;
			children = (
				4BB0901B2DBD50EB00142DF9 /* HomeView.swift */,
			);
			path = Home;
			sourceTree = "<group>";
		};
		4BB0901D2DBD57CC00142DF9 /* Data */ = {
			isa = PBXGroup;
			children = (
				4BB090222DBD58A000142DF9 /* Swift */,
				4BB090232DBD58B900142DF9 /* Python */,
			);
			path = Data;
			sourceTree = "<group>";
		};
		4BB090222DBD58A000142DF9 /* Swift */ = {
			isa = PBXGroup;
			children = (
				4BB0901E2DBD581000142DF9 /* questions_swift_en.json */,
				4BB090202DBD587000142DF9 /* questions_swift_ru.json */,
			);
			path = Swift;
			sourceTree = "<group>";
		};
		4BB090232DBD58B900142DF9 /* Python */ = {
			isa = PBXGroup;
			children = (
				4BB090242DBD591100142DF9 /* questions_python_en.json */,
				4BB090262DBD5A0000142DF9 /* questions_python_ru.json */,
			);
			path = Python;
			sourceTree = "<group>";
		};
/* End PBXGroup section */

/* Begin PBXNativeTarget section */
		4B8F80552DBBD57F00512F5B /* OceanScript */ = {
			isa = PBXNativeTarget;
			buildConfigurationList = 4B8F807C2DBBD58100512F5B /* Build configuration list for PBXNativeTarget "OceanScript" */;
			buildPhases = (
				4B8F80522DBBD57F00512F5B /* Sources */,
				4B8F80532DBBD57F00512F5B /* Frameworks */,
				4B8F80542DBBD57F00512F5B /* Resources */,
			);
			buildRules = (
			);
			dependencies = (
			);
			name = OceanScript;
			packageProductDependencies = (
			);
			productName = OceanScript;
			productReference = 4B8F80562DBBD57F00512F5B /* OceanScript.app */;
			productType = "com.apple.product-type.application";
		};
		4B8F80672DBBD58100512F5B /* OceanScriptTests */ = {
			isa = PBXNativeTarget;
			buildConfigurationList = 4B8F807F2DBBD58100512F5B /* Build configuration list for PBXNativeTarget "OceanScriptTests" */;
			buildPhases = (
				4B8F80642DBBD58100512F5B /* Sources */,
				4B8F80652DBBD58100512F5B /* Frameworks */,
				4B8F80662DBBD58100512F5B /* Resources */,
			);
			buildRules = (
			);
			dependencies = (
				4B8F806A2DBBD58100512F5B /* PBXTargetDependency */,
			);
			fileSystemSynchronizedGroups = (
				4B8F806B2DBBD58100512F5B /* OceanScriptTests */,
			);
			name = OceanScriptTests;
			packageProductDependencies = (
			);
			productName = OceanScriptTests;
			productReference = 4B8F80682DBBD58100512F5B /* OceanScriptTests.xctest */;
			productType = "com.apple.product-type.bundle.unit-test";
		};
		4B8F80712DBBD58100512F5B /* OceanScriptUITests */ = {
			isa = PBXNativeTarget;
			buildConfigurationList = 4B8F80822DBBD58100512F5B /* Build configuration list for PBXNativeTarget "OceanScriptUITests" */;
			buildPhases = (
				4B8F806E2DBBD58100512F5B /* Sources */,
				4B8F806F2DBBD58100512F5B /* Frameworks */,
				4B8F80702DBBD58100512F5B /* Resources */,
			);
			buildRules = (
			);
			dependencies = (
				4B8F80742DBBD58100512F5B /* PBXTargetDependency */,
			);
			fileSystemSynchronizedGroups = (
				4B8F80752DBBD58100512F5B /* OceanScriptUITests */,
			);
			name = OceanScriptUITests;
			packageProductDependencies = (
			);
			productName = OceanScriptUITests;
			productReference = 4B8F80722DBBD58100512F5B /* OceanScriptUITests.xctest */;
			productType = "com.apple.product-type.bundle.ui-testing";
		};
/* End PBXNativeTarget section */

/* Begin PBXProject section */
		4B8F804E2DBBD57F00512F5B /* Project object */ = {
			isa = PBXProject;
			attributes = {
				BuildIndependentTargetsInParallel = 1;
				LastSwiftUpdateCheck = 1630;
				LastUpgradeCheck = 1630;
				TargetAttributes = {
					4B8F80552DBBD57F00512F5B = {
						CreatedOnToolsVersion = 16.3;
					};
					4B8F80672DBBD58100512F5B = {
						CreatedOnToolsVersion = 16.3;
						TestTargetID = 4B8F80552DBBD57F00512F5B;
					};
					4B8F80712DBBD58100512F5B = {
						CreatedOnToolsVersion = 16.3;
						TestTargetID = 4B8F80552DBBD57F00512F5B;
					};
				};
			};
			buildConfigurationList = 4B8F80512DBBD57F00512F5B /* Build configuration list for PBXProject "OceanScript" */;
			developmentRegion = en;
			hasScannedForEncodings = 0;
			knownRegions = (
				en,
				Base,
			);
			mainGroup = 4B8F804D2DBBD57F00512F5B;
			minimizedProjectReferenceProxies = 1;
			preferredProjectObjectVersion = 77;
			productRefGroup = 4B8F80572DBBD57F00512F5B /* Products */;
			projectDirPath = "";
			projectRoot = "";
			targets = (
				4B8F80552DBBD57F00512F5B /* OceanScript */,
				4B8F80672DBBD58100512F5B /* OceanScriptTests */,
				4B8F80712DBBD58100512F5B /* OceanScriptUITests */,
			);
		};
/* End PBXProject section */

/* Begin PBXResourcesBuildPhase section */
		4B8F80542DBBD57F00512F5B /* Resources */ = {
			isa = PBXResourcesBuildPhase;
			buildActionMask = 2147483647;
			files = (
				4BB0901F2DBD581000142DF9 /* questions_swift_en.json in Resources */,
				4BB090212DBD587000142DF9 /* questions_swift_ru.json in Resources */,
				4BB090252DBD591100142DF9 /* questions_python_en.json in Resources */,
				4BB090272DBD5A0000142DF9 /* questions_python_ru.json in Resources */,
				4B8F80902DBBD5A500512F5B /* Assets.xcassets in Resources */,
			);
			runOnlyForDeploymentPostprocessing = 0;
		};
		4B8F80662DBBD58100512F5B /* Resources */ = {
			isa = PBXResourcesBuildPhase;
			buildActionMask = 2147483647;
			files = (
			);
			runOnlyForDeploymentPostprocessing = 0;
		};
		4B8F80702DBBD58100512F5B /* Resources */ = {
			isa = PBXResourcesBuildPhase;
			buildActionMask = 2147483647;
			files = (
			);
			runOnlyForDeploymentPostprocessing = 0;
		};
/* End PBXResourcesBuildPhase section */

/* Begin PBXSourcesBuildPhase section */
		4B8F80522DBBD57F00512F5B /* Sources */ = {
			isa = PBXSourcesBuildPhase;
			buildActionMask = 2147483647;
			files = (
				4B8F80D82DBD358B00512F5B /* QuestionsList.swift in Sources */,
				4B8F80CC2DBC0BF400512F5B /* TestResult+CoreDataProperties.swift in Sources */,
				4B8F80CA2DBC0BCC00512F5B /* TestResult+CoreDataClass.swift in Sources */,
				4B8F80D42DBD266000512F5B /* QuestionListItem.swift in Sources */,
				4B8F80BC2DBC038C00512F5B /* CodingUserInfoKey+Extensions.swift in Sources */,
				4BB090192DBD4EF900142DF9 /* MainTabView.swift in Sources */,
				4B8F80C02DBC071100512F5B /* Category+CoreDataProperties.swift in Sources */,
				4B8F80BE2DBC06D200512F5B /* Category+CoreDataClass.swift in Sources */,
				4B8F80CF2DBC0FEE00512F5B /* ArrayValueTransformer.swift in Sources */,
				4B8F80C62DBC0B2C00512F5B /* QuestionResult+CoreDataClass.swift in Sources */,
				4B8F808D2DBBD5A500512F5B /* OceanScript.xcdatamodeld in Sources */,
				4B8F80C42DBC091100512F5B /* Question+CoreDataProperties.swift in Sources */,
				4B8F808E2DBBD5A500512F5B /* OceanScriptApp.swift in Sources */,
				4B8F80DA2DBD384000512F5B /* PreviewPlaceholder.swift in Sources */,
				4B8F808F2DBBD5A500512F5B /* Persistence.swift in Sources */,
				4B8F80D22DBD259800512F5B /* CategoryItem.swift in Sources */,
				4B8F80B72DBC020300512F5B /* AppLanguage+CoreDataClass.swift in Sources */,
				4B8F80B92DBC023400512F5B /* AppLanguage+CoreDataProperties.swift in Sources */,
				4B8F80C22DBC08E700512F5B /* Question+CoreDataClass.swift in Sources */,
				4B8F80C82DBC0B5B00512F5B /* QuestionResult+CoreDataProperties.swift in Sources */,
				4BB0901C2DBD50EB00142DF9 /* HomeView.swift in Sources */,
				4B8F80D62DBD30BF00512F5B /* QuestionDetailView.swift in Sources */,
			);
			runOnlyForDeploymentPostprocessing = 0;
		};
		4B8F80642DBBD58100512F5B /* Sources */ = {
			isa = PBXSourcesBuildPhase;
			buildActionMask = 2147483647;
			files = (
			);
			runOnlyForDeploymentPostprocessing = 0;
		};
		4B8F806E2DBBD58100512F5B /* Sources */ = {
			isa = PBXSourcesBuildPhase;
			buildActionMask = 2147483647;
			files = (
			);
			runOnlyForDeploymentPostprocessing = 0;
		};
/* End PBXSourcesBuildPhase section */

/* Begin PBXTargetDependency section */
		4B8F806A2DBBD58100512F5B /* PBXTargetDependency */ = {
			isa = PBXTargetDependency;
			target = 4B8F80552DBBD57F00512F5B /* OceanScript */;
			targetProxy = 4B8F80692DBBD58100512F5B /* PBXContainerItemProxy */;
		};
		4B8F80742DBBD58100512F5B /* PBXTargetDependency */ = {
			isa = PBXTargetDependency;
			target = 4B8F80552DBBD57F00512F5B /* OceanScript */;
			targetProxy = 4B8F80732DBBD58100512F5B /* PBXContainerItemProxy */;
		};
/* End PBXTargetDependency section */

/* Begin XCBuildConfiguration section */
		4B8F807A2DBBD58100512F5B /* Debug */ = {
			isa = XCBuildConfiguration;
			buildSettings = {
				ALWAYS_SEARCH_USER_PATHS = NO;
				ASSETCATALOG_COMPILER_GENERATE_SWIFT_ASSET_SYMBOL_EXTENSIONS = YES;
				CLANG_ANALYZER_NONNULL = YES;
				CLANG_ANALYZER_NUMBER_OBJECT_CONVERSION = YES_AGGRESSIVE;
				CLANG_CXX_LANGUAGE_STANDARD = "gnu++20";
				CLANG_ENABLE_MODULES = YES;
				CLANG_ENABLE_OBJC_ARC = YES;
				CLANG_ENABLE_OBJC_WEAK = YES;
				CLANG_WARN_BLOCK_CAPTURE_AUTORELEASING = YES;
				CLANG_WARN_BOOL_CONVERSION = YES;
				CLANG_WARN_COMMA = YES;
				CLANG_WARN_CONSTANT_CONVERSION = YES;
				CLANG_WARN_DEPRECATED_OBJC_IMPLEMENTATIONS = YES;
				CLANG_WARN_DIRECT_OBJC_ISA_USAGE = YES_ERROR;
				CLANG_WARN_DOCUMENTATION_COMMENTS = YES;
				CLANG_WARN_EMPTY_BODY = YES;
				CLANG_WARN_ENUM_CONVERSION = YES;
				CLANG_WARN_INFINITE_RECURSION = YES;
				CLANG_WARN_INT_CONVERSION = YES;
				CLANG_WARN_NON_LITERAL_NULL_CONVERSION = YES;
				CLANG_WARN_OBJC_IMPLICIT_RETAIN_SELF = YES;
				CLANG_WARN_OBJC_LITERAL_CONVERSION = YES;
				CLANG_WARN_OBJC_ROOT_CLASS = YES_ERROR;
				CLANG_WARN_QUOTED_INCLUDE_IN_FRAMEWORK_HEADER = YES;
				CLANG_WARN_RANGE_LOOP_ANALYSIS = YES;
				CLANG_WARN_STRICT_PROTOTYPES = YES;
				CLANG_WARN_SUSPICIOUS_MOVE = YES;
				CLANG_WARN_UNGUARDED_AVAILABILITY = YES_AGGRESSIVE;
				CLANG_WARN_UNREACHABLE_CODE = YES;
				CLANG_WARN__DUPLICATE_METHOD_MATCH = YES;
				COPY_PHASE_STRIP = NO;
				DEBUG_INFORMATION_FORMAT = dwarf;
				DEVELOPMENT_TEAM = QT3T249ZHN;
				ENABLE_STRICT_OBJC_MSGSEND = YES;
				ENABLE_TESTABILITY = YES;
				ENABLE_USER_SCRIPT_SANDBOXING = YES;
				GCC_C_LANGUAGE_STANDARD = gnu17;
				GCC_DYNAMIC_NO_PIC = NO;
				GCC_NO_COMMON_BLOCKS = YES;
				GCC_OPTIMIZATION_LEVEL = 0;
				GCC_PREPROCESSOR_DEFINITIONS = (
					"DEBUG=1",
					"$(inherited)",
				);
				GCC_WARN_64_TO_32_BIT_CONVERSION = YES;
				GCC_WARN_ABOUT_RETURN_TYPE = YES_ERROR;
				GCC_WARN_UNDECLARED_SELECTOR = YES;
				GCC_WARN_UNINITIALIZED_AUTOS = YES_AGGRESSIVE;
				GCC_WARN_UNUSED_FUNCTION = YES;
				GCC_WARN_UNUSED_VARIABLE = YES;
				IPHONEOS_DEPLOYMENT_TARGET = 18.4;
				LOCALIZATION_PREFERS_STRING_CATALOGS = YES;
				MTL_ENABLE_DEBUG_INFO = INCLUDE_SOURCE;
				MTL_FAST_MATH = YES;
				ONLY_ACTIVE_ARCH = YES;
				SDKROOT = iphoneos;
				SWIFT_ACTIVE_COMPILATION_CONDITIONS = "DEBUG $(inherited)";
				SWIFT_OPTIMIZATION_LEVEL = "-Onone";
			};
			name = Debug;
		};
		4B8F807B2DBBD58100512F5B /* Release */ = {
			isa = XCBuildConfiguration;
			buildSettings = {
				ALWAYS_SEARCH_USER_PATHS = NO;
				ASSETCATALOG_COMPILER_GENERATE_SWIFT_ASSET_SYMBOL_EXTENSIONS = YES;
				CLANG_ANALYZER_NONNULL = YES;
				CLANG_ANALYZER_NUMBER_OBJECT_CONVERSION = YES_AGGRESSIVE;
				CLANG_CXX_LANGUAGE_STANDARD = "gnu++20";
				CLANG_ENABLE_MODULES = YES;
				CLANG_ENABLE_OBJC_ARC = YES;
				CLANG_ENABLE_OBJC_WEAK = YES;
				CLANG_WARN_BLOCK_CAPTURE_AUTORELEASING = YES;
				CLANG_WARN_BOOL_CONVERSION = YES;
				CLANG_WARN_COMMA = YES;
				CLANG_WARN_CONSTANT_CONVERSION = YES;
				CLANG_WARN_DEPRECATED_OBJC_IMPLEMENTATIONS = YES;
				CLANG_WARN_DIRECT_OBJC_ISA_USAGE = YES_ERROR;
				CLANG_WARN_DOCUMENTATION_COMMENTS = YES;
				CLANG_WARN_EMPTY_BODY = YES;
				CLANG_WARN_ENUM_CONVERSION = YES;
				CLANG_WARN_INFINITE_RECURSION = YES;
				CLANG_WARN_INT_CONVERSION = YES;
				CLANG_WARN_NON_LITERAL_NULL_CONVERSION = YES;
				CLANG_WARN_OBJC_IMPLICIT_RETAIN_SELF = YES;
				CLANG_WARN_OBJC_LITERAL_CONVERSION = YES;
				CLANG_WARN_OBJC_ROOT_CLASS = YES_ERROR;
				CLANG_WARN_QUOTED_INCLUDE_IN_FRAMEWORK_HEADER = YES;
				CLANG_WARN_RANGE_LOOP_ANALYSIS = YES;
				CLANG_WARN_STRICT_PROTOTYPES = YES;
				CLANG_WARN_SUSPICIOUS_MOVE = YES;
				CLANG_WARN_UNGUARDED_AVAILABILITY = YES_AGGRESSIVE;
				CLANG_WARN_UNREACHABLE_CODE = YES;
				CLANG_WARN__DUPLICATE_METHOD_MATCH = YES;
				COPY_PHASE_STRIP = NO;
				DEBUG_INFORMATION_FORMAT = "dwarf-with-dsym";
				DEVELOPMENT_TEAM = QT3T249ZHN;
				ENABLE_NS_ASSERTIONS = NO;
				ENABLE_STRICT_OBJC_MSGSEND = YES;
				ENABLE_USER_SCRIPT_SANDBOXING = YES;
				GCC_C_LANGUAGE_STANDARD = gnu17;
				GCC_NO_COMMON_BLOCKS = YES;
				GCC_WARN_64_TO_32_BIT_CONVERSION = YES;
				GCC_WARN_ABOUT_RETURN_TYPE = YES_ERROR;
				GCC_WARN_UNDECLARED_SELECTOR = YES;
				GCC_WARN_UNINITIALIZED_AUTOS = YES_AGGRESSIVE;
				GCC_WARN_UNUSED_FUNCTION = YES;
				GCC_WARN_UNUSED_VARIABLE = YES;
				IPHONEOS_DEPLOYMENT_TARGET = 18.4;
				LOCALIZATION_PREFERS_STRING_CATALOGS = YES;
				MTL_ENABLE_DEBUG_INFO = NO;
				MTL_FAST_MATH = YES;
				SDKROOT = iphoneos;
				SWIFT_COMPILATION_MODE = wholemodule;
				VALIDATE_PRODUCT = YES;
			};
			name = Release;
		};
		4B8F807D2DBBD58100512F5B /* Debug */ = {
			isa = XCBuildConfiguration;
			buildSettings = {
				ASSETCATALOG_COMPILER_APPICON_NAME = AppIcon;
				ASSETCATALOG_COMPILER_GLOBAL_ACCENT_COLOR_NAME = AccentColor;
				CODE_SIGN_STYLE = Automatic;
				CURRENT_PROJECT_VERSION = 1;
				DEVELOPMENT_TEAM = QT3T249ZHN;
				ENABLE_PREVIEWS = YES;
				GENERATE_INFOPLIST_FILE = YES;
				INFOPLIST_KEY_UIApplicationSceneManifest_Generation = YES;
				INFOPLIST_KEY_UIApplicationSupportsIndirectInputEvents = YES;
				INFOPLIST_KEY_UILaunchScreen_Generation = YES;
				INFOPLIST_KEY_UISupportedInterfaceOrientations_iPad = "UIInterfaceOrientationPortrait UIInterfaceOrientationPortraitUpsideDown UIInterfaceOrientationLandscapeLeft UIInterfaceOrientationLandscapeRight";
				INFOPLIST_KEY_UISupportedInterfaceOrientations_iPhone = "UIInterfaceOrientationPortrait UIInterfaceOrientationLandscapeLeft UIInterfaceOrientationLandscapeRight";
				LD_RUNPATH_SEARCH_PATHS = (
					"$(inherited)",
					"@executable_path/Frameworks",
				);
				MARKETING_VERSION = 1.0;
				PRODUCT_BUNDLE_IDENTIFIER = com.oceanscript.OceanScript;
				PRODUCT_NAME = "$(TARGET_NAME)";
				SWIFT_EMIT_LOC_STRINGS = YES;
				SWIFT_VERSION = 5.0;
				TARGETED_DEVICE_FAMILY = "1,2";
			};
			name = Debug;
		};
		4B8F807E2DBBD58100512F5B /* Release */ = {
			isa = XCBuildConfiguration;
			buildSettings = {
				ASSETCATALOG_COMPILER_APPICON_NAME = AppIcon;
				ASSETCATALOG_COMPILER_GLOBAL_ACCENT_COLOR_NAME = AccentColor;
				CODE_SIGN_STYLE = Automatic;
				CURRENT_PROJECT_VERSION = 1;
				DEVELOPMENT_TEAM = QT3T249ZHN;
				ENABLE_PREVIEWS = YES;
				GENERATE_INFOPLIST_FILE = YES;
				INFOPLIST_KEY_UIApplicationSceneManifest_Generation = YES;
				INFOPLIST_KEY_UIApplicationSupportsIndirectInputEvents = YES;
				INFOPLIST_KEY_UILaunchScreen_Generation = YES;
				INFOPLIST_KEY_UISupportedInterfaceOrientations_iPad = "UIInterfaceOrientationPortrait UIInterfaceOrientationPortraitUpsideDown UIInterfaceOrientationLandscapeLeft UIInterfaceOrientationLandscapeRight";
				INFOPLIST_KEY_UISupportedInterfaceOrientations_iPhone = "UIInterfaceOrientationPortrait UIInterfaceOrientationLandscapeLeft UIInterfaceOrientationLandscapeRight";
				LD_RUNPATH_SEARCH_PATHS = (
					"$(inherited)",
					"@executable_path/Frameworks",
				);
				MARKETING_VERSION = 1.0;
				PRODUCT_BUNDLE_IDENTIFIER = com.oceanscript.OceanScript;
				PRODUCT_NAME = "$(TARGET_NAME)";
				SWIFT_EMIT_LOC_STRINGS = YES;
				SWIFT_VERSION = 5.0;
				TARGETED_DEVICE_FAMILY = "1,2";
			};
			name = Release;
		};
		4B8F80802DBBD58100512F5B /* Debug */ = {
			isa = XCBuildConfiguration;
			buildSettings = {
				BUNDLE_LOADER = "$(TEST_HOST)";
				CODE_SIGN_STYLE = Automatic;
				CURRENT_PROJECT_VERSION = 1;
				DEVELOPMENT_TEAM = QT3T249ZHN;
				GENERATE_INFOPLIST_FILE = YES;
				IPHONEOS_DEPLOYMENT_TARGET = 18.4;
				MARKETING_VERSION = 1.0;
				PRODUCT_BUNDLE_IDENTIFIER = com.oceanscript.OceanScriptTests;
				PRODUCT_NAME = "$(TARGET_NAME)";
				SWIFT_EMIT_LOC_STRINGS = NO;
				SWIFT_VERSION = 5.0;
				TARGETED_DEVICE_FAMILY = "1,2";
				TEST_HOST = "$(BUILT_PRODUCTS_DIR)/OceanScript.app/$(BUNDLE_EXECUTABLE_FOLDER_PATH)/OceanScript";
			};
			name = Debug;
		};
		4B8F80812DBBD58100512F5B /* Release */ = {
			isa = XCBuildConfiguration;
			buildSettings = {
				BUNDLE_LOADER = "$(TEST_HOST)";
				CODE_SIGN_STYLE = Automatic;
				CURRENT_PROJECT_VERSION = 1;
				DEVELOPMENT_TEAM = QT3T249ZHN;
				GENERATE_INFOPLIST_FILE = YES;
				IPHONEOS_DEPLOYMENT_TARGET = 18.4;
				MARKETING_VERSION = 1.0;
				PRODUCT_BUNDLE_IDENTIFIER = com.oceanscript.OceanScriptTests;
				PRODUCT_NAME = "$(TARGET_NAME)";
				SWIFT_EMIT_LOC_STRINGS = NO;
				SWIFT_VERSION = 5.0;
				TARGETED_DEVICE_FAMILY = "1,2";
				TEST_HOST = "$(BUILT_PRODUCTS_DIR)/OceanScript.app/$(BUNDLE_EXECUTABLE_FOLDER_PATH)/OceanScript";
			};
			name = Release;
		};
		4B8F80832DBBD58100512F5B /* Debug */ = {
			isa = XCBuildConfiguration;
			buildSettings = {
				CODE_SIGN_STYLE = Automatic;
				CURRENT_PROJECT_VERSION = 1;
				DEVELOPMENT_TEAM = QT3T249ZHN;
				GENERATE_INFOPLIST_FILE = YES;
				MARKETING_VERSION = 1.0;
				PRODUCT_BUNDLE_IDENTIFIER = com.oceanscript.OceanScriptUITests;
				PRODUCT_NAME = "$(TARGET_NAME)";
				SWIFT_EMIT_LOC_STRINGS = NO;
				SWIFT_VERSION = 5.0;
				TARGETED_DEVICE_FAMILY = "1,2";
				TEST_TARGET_NAME = OceanScript;
			};
			name = Debug;
		};
		4B8F80842DBBD58100512F5B /* Release */ = {
			isa = XCBuildConfiguration;
			buildSettings = {
				CODE_SIGN_STYLE = Automatic;
				CURRENT_PROJECT_VERSION = 1;
				DEVELOPMENT_TEAM = QT3T249ZHN;
				GENERATE_INFOPLIST_FILE = YES;
				MARKETING_VERSION = 1.0;
				PRODUCT_BUNDLE_IDENTIFIER = com.oceanscript.OceanScriptUITests;
				PRODUCT_NAME = "$(TARGET_NAME)";
				SWIFT_EMIT_LOC_STRINGS = NO;
				SWIFT_VERSION = 5.0;
				TARGETED_DEVICE_FAMILY = "1,2";
				TEST_TARGET_NAME = OceanScript;
			};
			name = Release;
		};
/* End XCBuildConfiguration section */

/* Begin XCConfigurationList section */
		4B8F80512DBBD57F00512F5B /* Build configuration list for PBXProject "OceanScript" */ = {
			isa = XCConfigurationList;
			buildConfigurations = (
				4B8F807A2DBBD58100512F5B /* Debug */,
				4B8F807B2DBBD58100512F5B /* Release */,
			);
			defaultConfigurationIsVisible = 0;
			defaultConfigurationName = Release;
		};
		4B8F807C2DBBD58100512F5B /* Build configuration list for PBXNativeTarget "OceanScript" */ = {
			isa = XCConfigurationList;
			buildConfigurations = (
				4B8F807D2DBBD58100512F5B /* Debug */,
				4B8F807E2DBBD58100512F5B /* Release */,
			);
			defaultConfigurationIsVisible = 0;
			defaultConfigurationName = Release;
		};
		4B8F807F2DBBD58100512F5B /* Build configuration list for PBXNativeTarget "OceanScriptTests" */ = {
			isa = XCConfigurationList;
			buildConfigurations = (
				4B8F80802DBBD58100512F5B /* Debug */,
				4B8F80812DBBD58100512F5B /* Release */,
			);
			defaultConfigurationIsVisible = 0;
			defaultConfigurationName = Release;
		};
		4B8F80822DBBD58100512F5B /* Build configuration list for PBXNativeTarget "OceanScriptUITests" */ = {
			isa = XCConfigurationList;
			buildConfigurations = (
				4B8F80832DBBD58100512F5B /* Debug */,
				4B8F80842DBBD58100512F5B /* Release */,
			);
			defaultConfigurationIsVisible = 0;
			defaultConfigurationName = Release;
		};
/* End XCConfigurationList section */

/* Begin XCVersionGroup section */
		4B8F80872DBBD5A500512F5B /* OceanScript.xcdatamodeld */ = {
			isa = XCVersionGroup;
			children = (
				4B8F808B2DBBD5A500512F5B /* OceanScript.xcdatamodel */,
			);
			currentVersion = 4B8F808B2DBBD5A500512F5B /* OceanScript.xcdatamodel */;
			path = OceanScript.xcdatamodeld;
			sourceTree = "<group>";
			versionGroupType = wrapper.xcdatamodel;
		};
/* End XCVersionGroup section */
	};
	rootObject = 4B8F804E2DBBD57F00512F5B /* Project object */;
}
